
Microsoft Visual Studio Solution File, Format Version 12.00
# Visual Studio 15
VisualStudioVersion = 15.0.28307.1062
MinimumVisualStudioVersion = 10.0.40219.1
Project("{FAE04EC0-301F-11D3-BF4B-00C04F79EFBC}") = "server_controll_1", "server_controll_1\server_controll_1.csproj", "{33BDD640-69FC-46E2-8F50-BD179942108F}"
EndProject
Global
	GlobalSection(SolutionConfigurationPlatforms) = preSolution
		Debug|Any CPU = Debug|Any CPU
		Release|Any CPU = Release|Any CPU
	EndGlobalSection
	GlobalSection(ProjectConfigurationPlatforms) = postSolution
		{33BDD640-69FC-46E2-8F50-BD179942108F}.Debug|Any CPU.ActiveCfg = Debug|Any CPU
		{33BDD640-69FC-46E2-8F50-BD179942108F}.Debug|Any CPU.Build.0 = Debug|Any CPU
		{33BDD640-69FC-46E2-8F50-BD179942108F}.Release|Any CPU.ActiveCfg = Release|Any CPU
		{33BDD640-69FC-46E2-8F50-BD179942108F}.Release|Any CPU.Build.0 = Release|Any CPU
	EndGlobalSection
	GlobalSection(SolutionProperties) = preSolution
		HideSolutionNode = FALSE
	EndGlobalSection
	GlobalSection(ExtensibilityGlobals) = postSolution
		SolutionGuid = {E1BF4701-B2B0-4E96-BDDF-BC90594CFB97}
	EndGlobalSection
EndGlobal
